
Microsoft Visual Studio Solution File, Format Version 12.00
# Visual Studio Version 16
VisualStudioVersion = 16.0.33801.447
MinimumVisualStudioVersion = 10.0.40219.1
Project("{9A19103F-16F7-4668-BE54-9A1E7A4F7556}") = "HackerNewsAPI", "HackerNewsAPI.csproj", "{C2053D9F-C907-49CD-914F-C124915A637F}"
EndProject
Project("{FAE04EC0-301F-11D3-BF4B-00C04F79EFBC}") = "IntegrationTest", "..\IntegrationTest\IntegrationTest\IntegrationTest.csproj", "{44D2387F-56A6-46BE-A5DE-859B3A972935}"
EndProject
Global
	GlobalSection(SolutionConfigurationPlatforms) = preSolution
		Debug|Any CPU = Debug|Any CPU
		Release|Any CPU = Release|Any CPU
	EndGlobalSection
	GlobalSection(ProjectConfigurationPlatforms) = postSolution
		{C2053D9F-C907-49CD-914F-C124915A637F}.Debug|Any CPU.ActiveCfg = Debug|Any CPU
		{C2053D9F-C907-49CD-914F-C124915A637F}.Debug|Any CPU.Build.0 = Debug|Any CPU
		{C2053D9F-C907-49CD-914F-C124915A637F}.Release|Any CPU.ActiveCfg = Release|Any CPU
		{C2053D9F-C907-49CD-914F-C124915A637F}.Release|Any CPU.Build.0 = Release|Any CPU
		{44D2387F-56A6-46BE-A5DE-859B3A972935}.Debug|Any CPU.ActiveCfg = Debug|Any CPU
		{44D2387F-56A6-46BE-A5DE-859B3A972935}.Debug|Any CPU.Build.0 = Debug|Any CPU
		{44D2387F-56A6-46BE-A5DE-859B3A972935}.Release|Any CPU.ActiveCfg = Release|Any CPU
		{44D2387F-56A6-46BE-A5DE-859B3A972935}.Release|Any CPU.Build.0 = Release|Any CPU
	EndGlobalSection
	GlobalSection(SolutionProperties) = preSolution
		HideSolutionNode = FALSE
	EndGlobalSection
	GlobalSection(ExtensibilityGlobals) = postSolution
		SolutionGuid = {FFDB04C6-D1F3-4DBB-B7A7-4913A312E82D}
	EndGlobalSection
EndGlobal
